
Microsoft Visual Studio Solution File, Format Version 12.00
# Visual Studio 15
Project("{FAE04EC0-301F-11D3-BF4B-00C04F79EFBC}") = "MasterDetailTemplate.Android", "MasterDetailTemplate.Android\MasterDetailTemplate.Android.csproj", "{2725F093-31A4-4F32-AA1B-1CF2CB43713D}"
EndProject
Project("{FAE04EC0-301F-11D3-BF4B-00C04F79EFBC}") = "MasterDetailTemplate.iOS", "MasterDetailTemplate.iOS\MasterDetailTemplate.iOS.csproj", "{5BCC660F-769F-4E98-9077-2BBA8741DE4D}"
EndProject
Project("{FAE04EC0-301F-11D3-BF4B-00C04F79EFBC}") = "MasterDetailTemplate", "MasterDetailTemplate\MasterDetailTemplate.csproj", "{6BDA4F5B-A465-48C8-960F-6B9304A12CB8}"
EndProject
Project("{FAE04EC0-301F-11D3-BF4B-00C04F79EFBC}") = "MasterDetailTemplateUiTest", "MasterDetailTemplateUiTest\MasterDetailTemplateUiTest.csproj", "{9CF2088E-5EE2-4E82-BC3B-744466925429}"
EndProject
Global
	GlobalSection(SolutionConfigurationPlatforms) = preSolution
		Debug|Any CPU = Debug|Any CPU
		Release|Any CPU = Release|Any CPU
		Debug|iPhoneSimulator = Debug|iPhoneSimulator
		Release|iPhoneSimulator = Release|iPhoneSimulator
		Debug|iPhone = Debug|iPhone
		Release|iPhone = Release|iPhone
		Ad-Hoc|iPhone = Ad-Hoc|iPhone
		AppStore|iPhone = AppStore|iPhone
	EndGlobalSection
	GlobalSection(ProjectConfigurationPlatforms) = postSolution
		{2725F093-31A4-4F32-AA1B-1CF2CB43713D}.Debug|Any CPU.ActiveCfg = Debug|Any CPU
		{2725F093-31A4-4F32-AA1B-1CF2CB43713D}.Debug|Any CPU.Build.0 = Debug|Any CPU
		{2725F093-31A4-4F32-AA1B-1CF2CB43713D}.Release|Any CPU.ActiveCfg = Release|Any CPU
		{2725F093-31A4-4F32-AA1B-1CF2CB43713D}.Release|Any CPU.Build.0 = Release|Any CPU
		{2725F093-31A4-4F32-AA1B-1CF2CB43713D}.Debug|iPhoneSimulator.ActiveCfg = Debug|Any CPU
		{2725F093-31A4-4F32-AA1B-1CF2CB43713D}.Debug|iPhoneSimulator.Build.0 = Debug|Any CPU
		{2725F093-31A4-4F32-AA1B-1CF2CB43713D}.Release|iPhoneSimulator.ActiveCfg = Release|Any CPU
		{2725F093-31A4-4F32-AA1B-1CF2CB43713D}.Release|iPhoneSimulator.Build.0 = Release|Any CPU
		{2725F093-31A4-4F32-AA1B-1CF2CB43713D}.Debug|iPhone.ActiveCfg = Debug|Any CPU
		{2725F093-31A4-4F32-AA1B-1CF2CB43713D}.Debug|iPhone.Build.0 = Debug|Any CPU
		{2725F093-31A4-4F32-AA1B-1CF2CB43713D}.Release|iPhone.ActiveCfg = Release|Any CPU
		{2725F093-31A4-4F32-AA1B-1CF2CB43713D}.Release|iPhone.Build.0 = Release|Any CPU
		{2725F093-31A4-4F32-AA1B-1CF2CB43713D}.Ad-Hoc|iPhone.ActiveCfg = Debug|Any CPU
		{2725F093-31A4-4F32-AA1B-1CF2CB43713D}.Ad-Hoc|iPhone.Build.0 = Debug|Any CPU
		{2725F093-31A4-4F32-AA1B-1CF2CB43713D}.AppStore|iPhone.ActiveCfg = Debug|Any CPU
		{2725F093-31A4-4F32-AA1B-1CF2CB43713D}.AppStore|iPhone.Build.0 = Debug|Any CPU
		{5BCC660F-769F-4E98-9077-2BBA8741DE4D}.Debug|Any CPU.ActiveCfg = Debug|iPhoneSimulator
		{5BCC660F-769F-4E98-9077-2BBA8741DE4D}.Debug|Any CPU.Build.0 = Debug|iPhoneSimulator
		{5BCC660F-769F-4E98-9077-2BBA8741DE4D}.Release|Any CPU.ActiveCfg = Release|iPhoneSimulator
		{5BCC660F-769F-4E98-9077-2BBA8741DE4D}.Release|Any CPU.Build.0 = Release|iPhoneSimulator
		{5BCC660F-769F-4E98-9077-2BBA8741DE4D}.Debug|iPhoneSimulator.ActiveCfg = Debug|iPhoneSimulator
		{5BCC660F-769F-4E98-9077-2BBA8741DE4D}.Debug|iPhoneSimulator.Build.0 = Debug|iPhoneSimulator
		{5BCC660F-769F-4E98-9077-2BBA8741DE4D}.Release|iPhoneSimulator.ActiveCfg = Release|iPhoneSimulator
		{5BCC660F-769F-4E98-9077-2BBA8741DE4D}.Release|iPhoneSimulator.Build.0 = Release|iPhoneSimulator
		{5BCC660F-769F-4E98-9077-2BBA8741DE4D}.Debug|iPhone.ActiveCfg = Debug|iPhone
		{5BCC660F-769F-4E98-9077-2BBA8741DE4D}.Debug|iPhone.Build.0 = Debug|iPhone
		{5BCC660F-769F-4E98-9077-2BBA8741DE4D}.Release|iPhone.ActiveCfg = Release|iPhone
		{5BCC660F-769F-4E98-9077-2BBA8741DE4D}.Release|iPhone.Build.0 = Release|iPhone
		{5BCC660F-769F-4E98-9077-2BBA8741DE4D}.Ad-Hoc|iPhone.ActiveCfg = Ad-Hoc|iPhone
		{5BCC660F-769F-4E98-9077-2BBA8741DE4D}.Ad-Hoc|iPhone.Build.0 = Ad-Hoc|iPhone
		{5BCC660F-769F-4E98-9077-2BBA8741DE4D}.AppStore|iPhone.ActiveCfg = AppStore|iPhone
		{5BCC660F-769F-4E98-9077-2BBA8741DE4D}.AppStore|iPhone.Build.0 = AppStore|iPhone
		{6BDA4F5B-A465-48C8-960F-6B9304A12CB8}.Debug|Any CPU.ActiveCfg = Debug|Any CPU
		{6BDA4F5B-A465-48C8-960F-6B9304A12CB8}.Debug|Any CPU.Build.0 = Debug|Any CPU
		{6BDA4F5B-A465-48C8-960F-6B9304A12CB8}.Release|Any CPU.ActiveCfg = Release|Any CPU
		{6BDA4F5B-A465-48C8-960F-6B9304A12CB8}.Release|Any CPU.Build.0 = Release|Any CPU
		{6BDA4F5B-A465-48C8-960F-6B9304A12CB8}.Debug|iPhoneSimulator.ActiveCfg = Debug|Any CPU
		{6BDA4F5B-A465-48C8-960F-6B9304A12CB8}.Debug|iPhoneSimulator.Build.0 = Debug|Any CPU
		{6BDA4F5B-A465-48C8-960F-6B9304A12CB8}.Release|iPhoneSimulator.ActiveCfg = Release|Any CPU
		{6BDA4F5B-A465-48C8-960F-6B9304A12CB8}.Release|iPhoneSimulator.Build.0 = Release|Any CPU
		{6BDA4F5B-A465-48C8-960F-6B9304A12CB8}.Debug|iPhone.ActiveCfg = Debug|Any CPU
		{6BDA4F5B-A465-48C8-960F-6B9304A12CB8}.Debug|iPhone.Build.0 = Debug|Any CPU
		{6BDA4F5B-A465-48C8-960F-6B9304A12CB8}.Release|iPhone.ActiveCfg = Release|Any CPU
		{6BDA4F5B-A465-48C8-960F-6B9304A12CB8}.Release|iPhone.Build.0 = Release|Any CPU
		{6BDA4F5B-A465-48C8-960F-6B9304A12CB8}.Ad-Hoc|iPhone.ActiveCfg = Debug|Any CPU
		{6BDA4F5B-A465-48C8-960F-6B9304A12CB8}.Ad-Hoc|iPhone.Build.0 = Debug|Any CPU
		{6BDA4F5B-A465-48C8-960F-6B9304A12CB8}.AppStore|iPhone.ActiveCfg = Debug|Any CPU
		{6BDA4F5B-A465-48C8-960F-6B9304A12CB8}.AppStore|iPhone.Build.0 = Debug|Any CPU
		{9CF2088E-5EE2-4E82-BC3B-744466925429}.Debug|Any CPU.ActiveCfg = Debug|Any CPU
		{9CF2088E-5EE2-4E82-BC3B-744466925429}.Debug|Any CPU.Build.0 = Debug|Any CPU
		{9CF2088E-5EE2-4E82-BC3B-744466925429}.Release|Any CPU.ActiveCfg = Release|Any CPU
		{9CF2088E-5EE2-4E82-BC3B-744466925429}.Release|Any CPU.Build.0 = Release|Any CPU
		{9CF2088E-5EE2-4E82-BC3B-744466925429}.Debug|iPhoneSimulator.ActiveCfg = Debug|Any CPU
		{9CF2088E-5EE2-4E82-BC3B-744466925429}.Debug|iPhoneSimulator.Build.0 = Debug|Any CPU
		{9CF2088E-5EE2-4E82-BC3B-744466925429}.Release|iPhoneSimulator.ActiveCfg = Release|Any CPU
		{9CF2088E-5EE2-4E82-BC3B-744466925429}.Release|iPhoneSimulator.Build.0 = Release|Any CPU
		{9CF2088E-5EE2-4E82-BC3B-744466925429}.Debug|iPhone.ActiveCfg = Debug|Any CPU
		{9CF2088E-5EE2-4E82-BC3B-744466925429}.Debug|iPhone.Build.0 = Debug|Any CPU
		{9CF2088E-5EE2-4E82-BC3B-744466925429}.Release|iPhone.ActiveCfg = Release|Any CPU
		{9CF2088E-5EE2-4E82-BC3B-744466925429}.Release|iPhone.Build.0 = Release|Any CPU
		{9CF2088E-5EE2-4E82-BC3B-744466925429}.Ad-Hoc|iPhone.ActiveCfg = Debug|Any CPU
		{9CF2088E-5EE2-4E82-BC3B-744466925429}.Ad-Hoc|iPhone.Build.0 = Debug|Any CPU
		{9CF2088E-5EE2-4E82-BC3B-744466925429}.AppStore|iPhone.ActiveCfg = Debug|Any CPU
		{9CF2088E-5EE2-4E82-BC3B-744466925429}.AppStore|iPhone.Build.0 = Debug|Any CPU
	EndGlobalSection
EndGlobal
